
Microsoft Visual Studio Solution File, Format Version 12.00
# Visual Studio 15
VisualStudioVersion = 15.0.28307.902
MinimumVisualStudioVersion = 10.0.40219.1
Project("{FAE04EC0-301F-11D3-BF4B-00C04F79EFBC}") = "ArmourCyberSecurity", "ArmourCyberSecurity\ArmourCyberSecurity.csproj", "{E0F92F6E-0052-487E-A51C-8B3C06513117}"
EndProject
Global
	GlobalSection(SolutionConfigurationPlatforms) = preSolution
		Debug|Any CPU = Debug|Any CPU
		Release|Any CPU = Release|Any CPU
	EndGlobalSection
	GlobalSection(ProjectConfigurationPlatforms) = postSolution
		{E0F92F6E-0052-487E-A51C-8B3C06513117}.Debug|Any CPU.ActiveCfg = Debug|Any CPU
		{E0F92F6E-0052-487E-A51C-8B3C06513117}.Debug|Any CPU.Build.0 = Debug|Any CPU
		{E0F92F6E-0052-487E-A51C-8B3C06513117}.Release|Any CPU.ActiveCfg = Release|Any CPU
		{E0F92F6E-0052-487E-A51C-8B3C06513117}.Release|Any CPU.Build.0 = Release|Any CPU
	EndGlobalSection
	GlobalSection(SolutionProperties) = preSolution
		HideSolutionNode = FALSE
	EndGlobalSection
	GlobalSection(ExtensibilityGlobals) = postSolution
		SolutionGuid = {BD5E555B-A85A-4ACB-A5C4-D9785D4E0A93}
	EndGlobalSection
EndGlobal
